
Microsoft Visual Studio Solution File, Format Version 12.00
# Visual Studio Version 17
VisualStudioVersion = 17.3.32825.248
MinimumVisualStudioVersion = 10.0.40219.1
Project("{FAE04EC0-301F-11D3-BF4B-00C04F79EFBC}") = "BookShop.UWP", "BookShop\BookShop.UWP\BookShop.UWP.csproj", "{F102394D-BCD8-463D-A183-24535F0A9EDF}"
EndProject
Project("{FAE04EC0-301F-11D3-BF4B-00C04F79EFBC}") = "BookShop.Android", "BookShop\BookShop.Android\BookShop.Android.csproj", "{FE360C7E-E766-4C55-9C77-0C04D66E17FD}"
EndProject
Project("{FAE04EC0-301F-11D3-BF4B-00C04F79EFBC}") = "BookShop.iOS", "BookShop\BookShop.iOS\BookShop.iOS.csproj", "{DA4AB2CD-ABDA-48A1-B959-BC2BAC59C941}"
EndProject
Project("{FAE04EC0-301F-11D3-BF4B-00C04F79EFBC}") = "BookShop", "BookShop\BookShop\BookShop.csproj", "{E35DF89E-9B1F-4336-86E8-D2546001CFD7}"
EndProject
Global
	GlobalSection(SolutionConfigurationPlatforms) = preSolution
		Debug|Any CPU = Debug|Any CPU
		Debug|ARM = Debug|ARM
		Debug|iPhone = Debug|iPhone
		Debug|iPhoneSimulator = Debug|iPhoneSimulator
		Debug|x64 = Debug|x64
		Debug|x86 = Debug|x86
		Release|Any CPU = Release|Any CPU
		Release|ARM = Release|ARM
		Release|iPhone = Release|iPhone
		Release|iPhoneSimulator = Release|iPhoneSimulator
		Release|x64 = Release|x64
		Release|x86 = Release|x86
	EndGlobalSection
	GlobalSection(ProjectConfigurationPlatforms) = postSolution
		{F102394D-BCD8-463D-A183-24535F0A9EDF}.Debug|Any CPU.ActiveCfg = Debug|x64
		{F102394D-BCD8-463D-A183-24535F0A9EDF}.Debug|Any CPU.Build.0 = Debug|x64
		{F102394D-BCD8-463D-A183-24535F0A9EDF}.Debug|Any CPU.Deploy.0 = Debug|x64
		{F102394D-BCD8-463D-A183-24535F0A9EDF}.Debug|ARM.ActiveCfg = Debug|ARM
		{F102394D-BCD8-463D-A183-24535F0A9EDF}.Debug|ARM.Build.0 = Debug|ARM
		{F102394D-BCD8-463D-A183-24535F0A9EDF}.Debug|ARM.Deploy.0 = Debug|ARM
		{F102394D-BCD8-463D-A183-24535F0A9EDF}.Debug|iPhone.ActiveCfg = Debug|x64
		{F102394D-BCD8-463D-A183-24535F0A9EDF}.Debug|iPhone.Build.0 = Debug|x64
		{F102394D-BCD8-463D-A183-24535F0A9EDF}.Debug|iPhone.Deploy.0 = Debug|x64
		{F102394D-BCD8-463D-A183-24535F0A9EDF}.Debug|iPhoneSimulator.ActiveCfg = Debug|x64
		{F102394D-BCD8-463D-A183-24535F0A9EDF}.Debug|iPhoneSimulator.Build.0 = Debug|x64
		{F102394D-BCD8-463D-A183-24535F0A9EDF}.Debug|iPhoneSimulator.Deploy.0 = Debug|x64
		{F102394D-BCD8-463D-A183-24535F0A9EDF}.Debug|x64.ActiveCfg = Debug|x64
		{F102394D-BCD8-463D-A183-24535F0A9EDF}.Debug|x64.Build.0 = Debug|x64
		{F102394D-BCD8-463D-A183-24535F0A9EDF}.Debug|x64.Deploy.0 = Debug|x64
		{F102394D-BCD8-463D-A183-24535F0A9EDF}.Debug|x86.ActiveCfg = Debug|x86
		{F102394D-BCD8-463D-A183-24535F0A9EDF}.Debug|x86.Build.0 = Debug|x86
		{F102394D-BCD8-463D-A183-24535F0A9EDF}.Debug|x86.Deploy.0 = Debug|x86
		{F102394D-BCD8-463D-A183-24535F0A9EDF}.Release|Any CPU.ActiveCfg = Release|x64
		{F102394D-BCD8-463D-A183-24535F0A9EDF}.Release|Any CPU.Build.0 = Release|x64
		{F102394D-BCD8-463D-A183-24535F0A9EDF}.Release|Any CPU.Deploy.0 = Release|x64
		{F102394D-BCD8-463D-A183-24535F0A9EDF}.Release|ARM.ActiveCfg = Release|ARM
		{F102394D-BCD8-463D-A183-24535F0A9EDF}.Release|ARM.Build.0 = Release|ARM
		{F102394D-BCD8-463D-A183-24535F0A9EDF}.Release|ARM.Deploy.0 = Release|ARM
		{F102394D-BCD8-463D-A183-24535F0A9EDF}.Release|iPhone.ActiveCfg = Release|x64
		{F102394D-BCD8-463D-A183-24535F0A9EDF}.Release|iPhone.Build.0 = Release|x64
		{F102394D-BCD8-463D-A183-24535F0A9EDF}.Release|iPhone.Deploy.0 = Release|x64
		{F102394D-BCD8-463D-A183-24535F0A9EDF}.Release|iPhoneSimulator.ActiveCfg = Release|x64
		{F102394D-BCD8-463D-A183-24535F0A9EDF}.Release|iPhoneSimulator.Build.0 = Release|x64
		{F102394D-BCD8-463D-A183-24535F0A9EDF}.Release|iPhoneSimulator.Deploy.0 = Release|x64
		{F102394D-BCD8-463D-A183-24535F0A9EDF}.Release|x64.ActiveCfg = Release|x64
		{F102394D-BCD8-463D-A183-24535F0A9EDF}.Release|x64.Build.0 = Release|x64
		{F102394D-BCD8-463D-A183-24535F0A9EDF}.Release|x64.Deploy.0 = Release|x64
		{F102394D-BCD8-463D-A183-24535F0A9EDF}.Release|x86.ActiveCfg = Release|x86
		{F102394D-BCD8-463D-A183-24535F0A9EDF}.Release|x86.Build.0 = Release|x86
		{F102394D-BCD8-463D-A183-24535F0A9EDF}.Release|x86.Deploy.0 = Release|x86
		{FE360C7E-E766-4C55-9C77-0C04D66E17FD}.Debug|Any CPU.ActiveCfg = Debug|Any CPU
		{FE360C7E-E766-4C55-9C77-0C04D66E17FD}.Debug|Any CPU.Build.0 = Debug|Any CPU
		{FE360C7E-E766-4C55-9C77-0C04D66E17FD}.Debug|Any CPU.Deploy.0 = Debug|Any CPU
		{FE360C7E-E766-4C55-9C77-0C04D66E17FD}.Debug|ARM.ActiveCfg = Debug|Any CPU
		{FE360C7E-E766-4C55-9C77-0C04D66E17FD}.Debug|ARM.Build.0 = Debug|Any CPU
		{FE360C7E-E766-4C55-9C77-0C04D66E17FD}.Debug|ARM.Deploy.0 = Debug|Any CPU
		{FE360C7E-E766-4C55-9C77-0C04D66E17FD}.Debug|iPhone.ActiveCfg = Debug|Any CPU
		{FE360C7E-E766-4C55-9C77-0C04D66E17FD}.Debug|iPhone.Build.0 = Debug|Any CPU
		{FE360C7E-E766-4C55-9C77-0C04D66E17FD}.Debug|iPhone.Deploy.0 = Debug|Any CPU
		{FE360C7E-E766-4C55-9C77-0C04D66E17FD}.Debug|iPhoneSimulator.ActiveCfg = Debug|Any CPU
		{FE360C7E-E766-4C55-9C77-0C04D66E17FD}.Debug|iPhoneSimulator.Build.0 = Debug|Any CPU
		{FE360C7E-E766-4C55-9C77-0C04D66E17FD}.Debug|iPhoneSimulator.Deploy.0 = Debug|Any CPU
		{FE360C7E-E766-4C55-9C77-0C04D66E17FD}.Debug|x64.ActiveCfg = Debug|Any CPU
		{FE360C7E-E766-4C55-9C77-0C04D66E17FD}.Debug|x64.Build.0 = Debug|Any CPU
		{FE360C7E-E766-4C55-9C77-0C04D66E17FD}.Debug|x64.Deploy.0 = Debug|Any CPU
		{FE360C7E-E766-4C55-9C77-0C04D66E17FD}.Debug|x86.ActiveCfg = Debug|Any CPU
		{FE360C7E-E766-4C55-9C77-0C04D66E17FD}.Debug|x86.Build.0 = Debug|Any CPU
		{FE360C7E-E766-4C55-9C77-0C04D66E17FD}.Debug|x86.Deploy.0 = Debug|Any CPU
		{FE360C7E-E766-4C55-9C77-0C04D66E17FD}.Release|Any CPU.ActiveCfg = Release|Any CPU
		{FE360C7E-E766-4C55-9C77-0C04D66E17FD}.Release|Any CPU.Build.0 = Release|Any CPU
		{FE360C7E-E766-4C55-9C77-0C04D66E17FD}.Release|Any CPU.Deploy.0 = Release|Any CPU
		{FE360C7E-E766-4C55-9C77-0C04D66E17FD}.Release|ARM.ActiveCfg = Release|Any CPU
		{FE360C7E-E766-4C55-9C77-0C04D66E17FD}.Release|ARM.Build.0 = Release|Any CPU
		{FE360C7E-E766-4C55-9C77-0C04D66E17FD}.Release|ARM.Deploy.0 = Release|Any CPU
		{FE360C7E-E766-4C55-9C77-0C04D66E17FD}.Release|iPhone.ActiveCfg = Release|Any CPU
		{FE360C7E-E766-4C55-9C77-0C04D66E17FD}.Release|iPhone.Build.0 = Release|Any CPU
		{FE360C7E-E766-4C55-9C77-0C04D66E17FD}.Release|iPhone.Deploy.0 = Release|Any CPU
		{FE360C7E-E766-4C55-9C77-0C04D66E17FD}.Release|iPhoneSimulator.ActiveCfg = Release|Any CPU
		{FE360C7E-E766-4C55-9C77-0C04D66E17FD}.Release|iPhoneSimulator.Build.0 = Release|Any CPU
		{FE360C7E-E766-4C55-9C77-0C04D66E17FD}.Release|iPhoneSimulator.Deploy.0 = Release|Any CPU
		{FE360C7E-E766-4C55-9C77-0C04D66E17FD}.Release|x64.ActiveCfg = Release|Any CPU
		{FE360C7E-E766-4C55-9C77-0C04D66E17FD}.Release|x64.Build.0 = Release|Any CPU
		{FE360C7E-E766-4C55-9C77-0C04D66E17FD}.Release|x64.Deploy.0 = Release|Any CPU
		{FE360C7E-E766-4C55-9C77-0C04D66E17FD}.Release|x86.ActiveCfg = Release|Any CPU
		{FE360C7E-E766-4C55-9C77-0C04D66E17FD}.Release|x86.Build.0 = Release|Any CPU
		{FE360C7E-E766-4C55-9C77-0C04D66E17FD}.Release|x86.Deploy.0 = Release|Any CPU
		{DA4AB2CD-ABDA-48A1-B959-BC2BAC59C941}.Debug|Any CPU.ActiveCfg = Debug|iPhoneSimulator
		{DA4AB2CD-ABDA-48A1-B959-BC2BAC59C941}.Debug|Any CPU.Build.0 = Debug|iPhoneSimulator
		{DA4AB2CD-ABDA-48A1-B959-BC2BAC59C941}.Debug|Any CPU.Deploy.0 = Debug|iPhoneSimulator
		{DA4AB2CD-ABDA-48A1-B959-BC2BAC59C941}.Debug|ARM.ActiveCfg = Debug|iPhoneSimulator
		{DA4AB2CD-ABDA-48A1-B959-BC2BAC59C941}.Debug|ARM.Build.0 = Debug|iPhoneSimulator
		{DA4AB2CD-ABDA-48A1-B959-BC2BAC59C941}.Debug|ARM.Deploy.0 = Debug|iPhoneSimulator
		{DA4AB2CD-ABDA-48A1-B959-BC2BAC59C941}.Debug|iPhone.ActiveCfg = Debug|iPhone
		{DA4AB2CD-ABDA-48A1-B959-BC2BAC59C941}.Debug|iPhone.Build.0 = Debug|iPhone
		{DA4AB2CD-ABDA-48A1-B959-BC2BAC59C941}.Debug|iPhone.Deploy.0 = Debug|iPhone
		{DA4AB2CD-ABDA-48A1-B959-BC2BAC59C941}.Debug|iPhoneSimulator.ActiveCfg = Debug|iPhoneSimulator
		{DA4AB2CD-ABDA-48A1-B959-BC2BAC59C941}.Debug|iPhoneSimulator.Build.0 = Debug|iPhoneSimulator
		{DA4AB2CD-ABDA-48A1-B959-BC2BAC59C941}.Debug|iPhoneSimulator.Deploy.0 = Debug|iPhoneSimulator
		{DA4AB2CD-ABDA-48A1-B959-BC2BAC59C941}.Debug|x64.ActiveCfg = Debug|iPhone
		{DA4AB2CD-ABDA-48A1-B959-BC2BAC59C941}.Debug|x64.Build.0 = Debug|iPhone
		{DA4AB2CD-ABDA-48A1-B959-BC2BAC59C941}.Debug|x64.Deploy.0 = Debug|iPhone
		{DA4AB2CD-ABDA-48A1-B959-BC2BAC59C941}.Debug|x86.ActiveCfg = Debug|iPhoneSimulator
		{DA4AB2CD-ABDA-48A1-B959-BC2BAC59C941}.Debug|x86.Build.0 = Debug|iPhoneSimulator
		{DA4AB2CD-ABDA-48A1-B959-BC2BAC59C941}.Debug|x86.Deploy.0 = Debug|iPhoneSimulator
		{DA4AB2CD-ABDA-48A1-B959-BC2BAC59C941}.Release|Any CPU.ActiveCfg = Release|iPhoneSimulator
		{DA4AB2CD-ABDA-48A1-B959-BC2BAC59C941}.Release|Any CPU.Build.0 = Release|iPhoneSimulator
		{DA4AB2CD-ABDA-48A1-B959-BC2BAC59C941}.Release|Any CPU.Deploy.0 = Release|iPhoneSimulator
		{DA4AB2CD-ABDA-48A1-B959-BC2BAC59C941}.Release|ARM.ActiveCfg = Release|iPhoneSimulator
		{DA4AB2CD-ABDA-48A1-B959-BC2BAC59C941}.Release|ARM.Build.0 = Release|iPhoneSimulator
		{DA4AB2CD-ABDA-48A1-B959-BC2BAC59C941}.Release|ARM.Deploy.0 = Release|iPhoneSimulator
		{DA4AB2CD-ABDA-48A1-B959-BC2BAC59C941}.Release|iPhone.ActiveCfg = Release|iPhone
		{DA4AB2CD-ABDA-48A1-B959-BC2BAC59C941}.Release|iPhone.Build.0 = Release|iPhone
		{DA4AB2CD-ABDA-48A1-B959-BC2BAC59C941}.Release|iPhone.Deploy.0 = Release|iPhone
		{DA4AB2CD-ABDA-48A1-B959-BC2BAC59C941}.Release|iPhoneSimulator.ActiveCfg = Release|iPhoneSimulator
		{DA4AB2CD-ABDA-48A1-B959-BC2BAC59C941}.Release|iPhoneSimulator.Build.0 = Release|iPhoneSimulator
		{DA4AB2CD-ABDA-48A1-B959-BC2BAC59C941}.Release|iPhoneSimulator.Deploy.0 = Release|iPhoneSimulator
		{DA4AB2CD-ABDA-48A1-B959-BC2BAC59C941}.Release|x64.ActiveCfg = Release|iPhoneSimulator
		{DA4AB2CD-ABDA-48A1-B959-BC2BAC59C941}.Release|x64.Build.0 = Release|iPhoneSimulator
		{DA4AB2CD-ABDA-48A1-B959-BC2BAC59C941}.Release|x64.Deploy.0 = Release|iPhoneSimulator
		{DA4AB2CD-ABDA-48A1-B959-BC2BAC59C941}.Release|x86.ActiveCfg = Release|iPhoneSimulator
		{DA4AB2CD-ABDA-48A1-B959-BC2BAC59C941}.Release|x86.Build.0 = Release|iPhoneSimulator
		{DA4AB2CD-ABDA-48A1-B959-BC2BAC59C941}.Release|x86.Deploy.0 = Release|iPhoneSimulator
		{E35DF89E-9B1F-4336-86E8-D2546001CFD7}.Debug|Any CPU.ActiveCfg = Debug|Any CPU
		{E35DF89E-9B1F-4336-86E8-D2546001CFD7}.Debug|Any CPU.Build.0 = Debug|Any CPU
		{E35DF89E-9B1F-4336-86E8-D2546001CFD7}.Debug|Any CPU.Deploy.0 = Debug|Any CPU
		{E35DF89E-9B1F-4336-86E8-D2546001CFD7}.Debug|ARM.ActiveCfg = Debug|Any CPU
		{E35DF89E-9B1F-4336-86E8-D2546001CFD7}.Debug|ARM.Build.0 = Debug|Any CPU
		{E35DF89E-9B1F-4336-86E8-D2546001CFD7}.Debug|ARM.Deploy.0 = Debug|Any CPU
		{E35DF89E-9B1F-4336-86E8-D2546001CFD7}.Debug|iPhone.ActiveCfg = Debug|Any CPU
		{E35DF89E-9B1F-4336-86E8-D2546001CFD7}.Debug|iPhone.Build.0 = Debug|Any CPU
		{E35DF89E-9B1F-4336-86E8-D2546001CFD7}.Debug|iPhone.Deploy.0 = Debug|Any CPU
		{E35DF89E-9B1F-4336-86E8-D2546001CFD7}.Debug|iPhoneSimulator.ActiveCfg = Debug|Any CPU
		{E35DF89E-9B1F-4336-86E8-D2546001CFD7}.Debug|iPhoneSimulator.Build.0 = Debug|Any CPU
		{E35DF89E-9B1F-4336-86E8-D2546001CFD7}.Debug|iPhoneSimulator.Deploy.0 = Debug|Any CPU
		{E35DF89E-9B1F-4336-86E8-D2546001CFD7}.Debug|x64.ActiveCfg = Debug|Any CPU
		{E35DF89E-9B1F-4336-86E8-D2546001CFD7}.Debug|x64.Build.0 = Debug|Any CPU
		{E35DF89E-9B1F-4336-86E8-D2546001CFD7}.Debug|x64.Deploy.0 = Debug|Any CPU
		{E35DF89E-9B1F-4336-86E8-D2546001CFD7}.Debug|x86.ActiveCfg = Debug|Any CPU
		{E35DF89E-9B1F-4336-86E8-D2546001CFD7}.Debug|x86.Build.0 = Debug|Any CPU
		{E35DF89E-9B1F-4336-86E8-D2546001CFD7}.Debug|x86.Deploy.0 = Debug|Any CPU
		{E35DF89E-9B1F-4336-86E8-D2546001CFD7}.Release|Any CPU.ActiveCfg = Release|Any CPU
		{E35DF89E-9B1F-4336-86E8-D2546001CFD7}.Release|Any CPU.Build.0 = Release|Any CPU
		{E35DF89E-9B1F-4336-86E8-D2546001CFD7}.Release|Any CPU.Deploy.0 = Release|Any CPU
		{E35DF89E-9B1F-4336-86E8-D2546001CFD7}.Release|ARM.ActiveCfg = Release|Any CPU
		{E35DF89E-9B1F-4336-86E8-D2546001CFD7}.Release|ARM.Build.0 = Release|Any CPU
		{E35DF89E-9B1F-4336-86E8-D2546001CFD7}.Release|ARM.Deploy.0 = Release|Any CPU
		{E35DF89E-9B1F-4336-86E8-D2546001CFD7}.Release|iPhone.ActiveCfg = Release|Any CPU
		{E35DF89E-9B1F-4336-86E8-D2546001CFD7}.Release|iPhone.Build.0 = Release|Any CPU
		{E35DF89E-9B1F-4336-86E8-D2546001CFD7}.Release|iPhone.Deploy.0 = Release|Any CPU
		{E35DF89E-9B1F-4336-86E8-D2546001CFD7}.Release|iPhoneSimulator.ActiveCfg = Release|Any CPU
		{E35DF89E-9B1F-4336-86E8-D2546001CFD7}.Release|iPhoneSimulator.Build.0 = Release|Any CPU
		{E35DF89E-9B1F-4336-86E8-D2546001CFD7}.Release|iPhoneSimulator.Deploy.0 = Release|Any CPU
		{E35DF89E-9B1F-4336-86E8-D2546001CFD7}.Release|x64.ActiveCfg = Release|Any CPU
		{E35DF89E-9B1F-4336-86E8-D2546001CFD7}.Release|x64.Build.0 = Release|Any CPU
		{E35DF89E-9B1F-4336-86E8-D2546001CFD7}.Release|x64.Deploy.0 = Release|Any CPU
		{E35DF89E-9B1F-4336-86E8-D2546001CFD7}.Release|x86.ActiveCfg = Release|Any CPU
		{E35DF89E-9B1F-4336-86E8-D2546001CFD7}.Release|x86.Build.0 = Release|Any CPU
		{E35DF89E-9B1F-4336-86E8-D2546001CFD7}.Release|x86.Deploy.0 = Release|Any CPU
	EndGlobalSection
	GlobalSection(SolutionProperties) = preSolution
		HideSolutionNode = FALSE
	EndGlobalSection
	GlobalSection(ExtensibilityGlobals) = postSolution
		SolutionGuid = {00E5090E-468A-413A-9735-2526A9769C59}
	EndGlobalSection
EndGlobal
